
Microsoft Visual Studio Solution File, Format Version 12.00
# Visual Studio Version 17
VisualStudioVersion = 17.0.31903.59
MinimumVisualStudioVersion = 10.0.40219.1
Project("{FAE04EC0-301F-11D3-BF4B-00C04F79EFBC}") = "WealthManagerApp", "WealthManagerApp\WealthManagerApp.csproj", "{1263CA5C-17BD-42E0-8645-E815100B27B7}"
EndProject
Project("{FAE04EC0-301F-11D3-BF4B-00C04F79EFBC}") = "WealthManagerLib", "WealthManagerLib\WealthManagerLib.csproj", "{7E065A12-B925-410E-870E-24D710EC39BE}"
EndProject
Global
	GlobalSection(SolutionConfigurationPlatforms) = preSolution
		Debug|Any CPU = Debug|Any CPU
		Debug|x64 = Debug|x64
		Debug|x86 = Debug|x86
		Release|Any CPU = Release|Any CPU
		Release|x64 = Release|x64
		Release|x86 = Release|x86
	EndGlobalSection
	GlobalSection(ProjectConfigurationPlatforms) = postSolution
		{1263CA5C-17BD-42E0-8645-E815100B27B7}.Debug|Any CPU.ActiveCfg = Debug|Any CPU
		{1263CA5C-17BD-42E0-8645-E815100B27B7}.Debug|Any CPU.Build.0 = Debug|Any CPU
		{1263CA5C-17BD-42E0-8645-E815100B27B7}.Debug|x64.ActiveCfg = Debug|Any CPU
		{1263CA5C-17BD-42E0-8645-E815100B27B7}.Debug|x64.Build.0 = Debug|Any CPU
		{1263CA5C-17BD-42E0-8645-E815100B27B7}.Debug|x86.ActiveCfg = Debug|Any CPU
		{1263CA5C-17BD-42E0-8645-E815100B27B7}.Debug|x86.Build.0 = Debug|Any CPU
		{1263CA5C-17BD-42E0-8645-E815100B27B7}.Release|Any CPU.ActiveCfg = Release|Any CPU
		{1263CA5C-17BD-42E0-8645-E815100B27B7}.Release|Any CPU.Build.0 = Release|Any CPU
		{1263CA5C-17BD-42E0-8645-E815100B27B7}.Release|x64.ActiveCfg = Release|Any CPU
		{1263CA5C-17BD-42E0-8645-E815100B27B7}.Release|x64.Build.0 = Release|Any CPU
		{1263CA5C-17BD-42E0-8645-E815100B27B7}.Release|x86.ActiveCfg = Release|Any CPU
		{1263CA5C-17BD-42E0-8645-E815100B27B7}.Release|x86.Build.0 = Release|Any CPU
		{7E065A12-B925-410E-870E-24D710EC39BE}.Debug|Any CPU.ActiveCfg = Debug|Any CPU
		{7E065A12-B925-410E-870E-24D710EC39BE}.Debug|Any CPU.Build.0 = Debug|Any CPU
		{7E065A12-B925-410E-870E-24D710EC39BE}.Debug|x64.ActiveCfg = Debug|Any CPU
		{7E065A12-B925-410E-870E-24D710EC39BE}.Debug|x64.Build.0 = Debug|Any CPU
		{7E065A12-B925-410E-870E-24D710EC39BE}.Debug|x86.ActiveCfg = Debug|Any CPU
		{7E065A12-B925-410E-870E-24D710EC39BE}.Debug|x86.Build.0 = Debug|Any CPU
		{7E065A12-B925-410E-870E-24D710EC39BE}.Release|Any CPU.ActiveCfg = Release|Any CPU
		{7E065A12-B925-410E-870E-24D710EC39BE}.Release|Any CPU.Build.0 = Release|Any CPU
		{7E065A12-B925-410E-870E-24D710EC39BE}.Release|x64.ActiveCfg = Release|Any CPU
		{7E065A12-B925-410E-870E-24D710EC39BE}.Release|x64.Build.0 = Release|Any CPU
		{7E065A12-B925-410E-870E-24D710EC39BE}.Release|x86.ActiveCfg = Release|Any CPU
		{7E065A12-B925-410E-870E-24D710EC39BE}.Release|x86.Build.0 = Release|Any CPU
	EndGlobalSection
	GlobalSection(SolutionProperties) = preSolution
		HideSolutionNode = FALSE
	EndGlobalSection
EndGlobal
